
Microsoft Visual Studio Solution File, Format Version 12.00
# Visual Studio Version 17
VisualStudioVersion = 17.4.33213.308
MinimumVisualStudioVersion = 10.0.40219.1
Project("{FAE04EC0-301F-11D3-BF4B-00C04F79EFBC}") = "MultiCash", "MultiCash.csproj", "{F45E804D-08B3-4807-8996-F34401ACB278}"
EndProject
Global
	GlobalSection(SolutionConfigurationPlatforms) = preSolution
		Debug|Any CPU = Debug|Any CPU
		Release|Any CPU = Release|Any CPU
	EndGlobalSection
	GlobalSection(ProjectConfigurationPlatforms) = postSolution
		{F45E804D-08B3-4807-8996-F34401ACB278}.Debug|Any CPU.ActiveCfg = Debug|Any CPU
		{F45E804D-08B3-4807-8996-F34401ACB278}.Debug|Any CPU.Build.0 = Debug|Any CPU
		{F45E804D-08B3-4807-8996-F34401ACB278}.Release|Any CPU.ActiveCfg = Release|Any CPU
		{F45E804D-08B3-4807-8996-F34401ACB278}.Release|Any CPU.Build.0 = Release|Any CPU
	EndGlobalSection
	GlobalSection(SolutionProperties) = preSolution
		HideSolutionNode = FALSE
	EndGlobalSection
	GlobalSection(ExtensibilityGlobals) = postSolution
		SolutionGuid = {C14C5F0C-9D6F-4AE3-9BF5-9269A04C90FF}
	EndGlobalSection
EndGlobal
